
Microsoft Visual Studio Solution File, Format Version 12.00
# Visual Studio Version 17
VisualStudioVersion = 17.0.31912.275
MinimumVisualStudioVersion = 10.0.40219.1
Project("{8BC9CEB8-8B4A-11D0-8D11-00A0C91BC942}") = "Crossy_Road", "Crossy_Road\Crossy_Road.vcxproj", "{64CBFCFE-6495-42CE-862E-572E49EB8DC4}"
EndProject
Global
	GlobalSection(SolutionConfigurationPlatforms) = preSolution
		Debug|x64 = Debug|x64
		Debug|x86 = Debug|x86
		Release|x64 = Release|x64
		Release|x86 = Release|x86
	EndGlobalSection
	GlobalSection(ProjectConfigurationPlatforms) = postSolution
		{64CBFCFE-6495-42CE-862E-572E49EB8DC4}.Debug|x64.ActiveCfg = Debug|x64
		{64CBFCFE-6495-42CE-862E-572E49EB8DC4}.Debug|x64.Build.0 = Debug|x64
		{64CBFCFE-6495-42CE-862E-572E49EB8DC4}.Debug|x86.ActiveCfg = Debug|Win32
		{64CBFCFE-6495-42CE-862E-572E49EB8DC4}.Debug|x86.Build.0 = Debug|Win32
		{64CBFCFE-6495-42CE-862E-572E49EB8DC4}.Release|x64.ActiveCfg = Release|x64
		{64CBFCFE-6495-42CE-862E-572E49EB8DC4}.Release|x64.Build.0 = Release|x64
		{64CBFCFE-6495-42CE-862E-572E49EB8DC4}.Release|x86.ActiveCfg = Release|Win32
		{64CBFCFE-6495-42CE-862E-572E49EB8DC4}.Release|x86.Build.0 = Release|Win32
	EndGlobalSection
	GlobalSection(SolutionProperties) = preSolution
		HideSolutionNode = FALSE
	EndGlobalSection
	GlobalSection(ExtensibilityGlobals) = postSolution
		SolutionGuid = {9F39A112-6ED6-40E0-8C29-3149BC4BBC6F}
	EndGlobalSection
EndGlobal
